
Microsoft Visual Studio Solution File, Format Version 12.00
# Visual Studio Version 17
VisualStudioVersion = 17.5.002.0
MinimumVisualStudioVersion = 10.0.40219.1
Project("{9A19103F-16F7-4668-BE54-9A1E7A4F7556}") = "DOTNET-API", "DOTNET-API.csproj", "{18A3009B-7634-4D2A-9252-58768C08D87A}"
EndProject
Global
	GlobalSection(SolutionConfigurationPlatforms) = preSolution
		Debug|Any CPU = Debug|Any CPU
		Release|Any CPU = Release|Any CPU
	EndGlobalSection
	GlobalSection(ProjectConfigurationPlatforms) = postSolution
		{18A3009B-7634-4D2A-9252-58768C08D87A}.Debug|Any CPU.ActiveCfg = Debug|Any CPU
		{18A3009B-7634-4D2A-9252-58768C08D87A}.Debug|Any CPU.Build.0 = Debug|Any CPU
		{18A3009B-7634-4D2A-9252-58768C08D87A}.Release|Any CPU.ActiveCfg = Release|Any CPU
		{18A3009B-7634-4D2A-9252-58768C08D87A}.Release|Any CPU.Build.0 = Release|Any CPU
	EndGlobalSection
	GlobalSection(SolutionProperties) = preSolution
		HideSolutionNode = FALSE
	EndGlobalSection
	GlobalSection(ExtensibilityGlobals) = postSolution
		SolutionGuid = {9B645F02-5710-4FB6-877A-40C94D52DC99}
	EndGlobalSection
EndGlobal
